
Microsoft Visual Studio Solution File, Format Version 12.00
# Visual Studio Version 17
VisualStudioVersion = 17.0.31903.59
MinimumVisualStudioVersion = 10.0.40219.1
Project("{FAE04EC0-301F-11D3-BF4B-00C04F79EFBC}") = "TINEXPRESSAPIS.UserMgmtAPI", "TINEXPRESSAPIS.UserMgmtAPI\TINEXPRESSAPIS.UserMgmtAPI.csproj", "{025C57A7-EB97-4124-943C-9DEAF67C41C0}"
EndProject
Project("{FAE04EC0-301F-11D3-BF4B-00C04F79EFBC}") = "Domain", "Domain\Domain.csproj", "{E5CB51A4-D7EC-4E6D-B4BA-6295D5AF4EFD}"
EndProject
Project("{FAE04EC0-301F-11D3-BF4B-00C04F79EFBC}") = "Application", "Application\Application.csproj", "{1851787F-93C4-406B-8DF9-FE9415017172}"
EndProject
Project("{FAE04EC0-301F-11D3-BF4B-00C04F79EFBC}") = "Infrastructure", "Infrastructure\Infrastructure.csproj", "{F81A9AE8-C9C1-4269-B7ED-8811E85C5F36}"
EndProject
Project("{FAE04EC0-301F-11D3-BF4B-00C04F79EFBC}") = "TINEXPRESSAPIS.OrderMgmtAPI", "TINEXPRESSAPIS.OrderMgmtAPI\TINEXPRESSAPIS.OrderMgmtAPI.csproj", "{0B827FA0-E940-4FBA-B0E3-A070507B971E}"
EndProject
Global
	GlobalSection(SolutionConfigurationPlatforms) = preSolution
		Debug|Any CPU = Debug|Any CPU
		Release|Any CPU = Release|Any CPU
	EndGlobalSection
	GlobalSection(ProjectConfigurationPlatforms) = postSolution
		{025C57A7-EB97-4124-943C-9DEAF67C41C0}.Debug|Any CPU.ActiveCfg = Debug|Any CPU
		{025C57A7-EB97-4124-943C-9DEAF67C41C0}.Debug|Any CPU.Build.0 = Debug|Any CPU
		{025C57A7-EB97-4124-943C-9DEAF67C41C0}.Release|Any CPU.ActiveCfg = Release|Any CPU
		{025C57A7-EB97-4124-943C-9DEAF67C41C0}.Release|Any CPU.Build.0 = Release|Any CPU
		{E5CB51A4-D7EC-4E6D-B4BA-6295D5AF4EFD}.Debug|Any CPU.ActiveCfg = Debug|Any CPU
		{E5CB51A4-D7EC-4E6D-B4BA-6295D5AF4EFD}.Debug|Any CPU.Build.0 = Debug|Any CPU
		{E5CB51A4-D7EC-4E6D-B4BA-6295D5AF4EFD}.Release|Any CPU.ActiveCfg = Release|Any CPU
		{E5CB51A4-D7EC-4E6D-B4BA-6295D5AF4EFD}.Release|Any CPU.Build.0 = Release|Any CPU
		{1851787F-93C4-406B-8DF9-FE9415017172}.Debug|Any CPU.ActiveCfg = Debug|Any CPU
		{1851787F-93C4-406B-8DF9-FE9415017172}.Debug|Any CPU.Build.0 = Debug|Any CPU
		{1851787F-93C4-406B-8DF9-FE9415017172}.Release|Any CPU.ActiveCfg = Release|Any CPU
		{1851787F-93C4-406B-8DF9-FE9415017172}.Release|Any CPU.Build.0 = Release|Any CPU
		{F81A9AE8-C9C1-4269-B7ED-8811E85C5F36}.Debug|Any CPU.ActiveCfg = Debug|Any CPU
		{F81A9AE8-C9C1-4269-B7ED-8811E85C5F36}.Debug|Any CPU.Build.0 = Debug|Any CPU
		{F81A9AE8-C9C1-4269-B7ED-8811E85C5F36}.Release|Any CPU.ActiveCfg = Release|Any CPU
		{F81A9AE8-C9C1-4269-B7ED-8811E85C5F36}.Release|Any CPU.Build.0 = Release|Any CPU
		{0B827FA0-E940-4FBA-B0E3-A070507B971E}.Debug|Any CPU.ActiveCfg = Debug|Any CPU
		{0B827FA0-E940-4FBA-B0E3-A070507B971E}.Debug|Any CPU.Build.0 = Debug|Any CPU
		{0B827FA0-E940-4FBA-B0E3-A070507B971E}.Release|Any CPU.ActiveCfg = Release|Any CPU
		{0B827FA0-E940-4FBA-B0E3-A070507B971E}.Release|Any CPU.Build.0 = Release|Any CPU
	EndGlobalSection
	GlobalSection(SolutionProperties) = preSolution
		HideSolutionNode = FALSE
	EndGlobalSection
	GlobalSection(ExtensibilityGlobals) = postSolution
		SolutionGuid = {3292E74F-865C-4D2D-8769-5CD0BF57E9FD}
	EndGlobalSection
EndGlobal
